
Microsoft Visual Studio Solution File, Format Version 12.00
Project("{2150E333-8FDC-42A3-9474-1A3956D46DE8}") = "src", "src", "{703B622E-9670-43FA-9FC0-26965C830672}"
EndProject
Project("{2150E333-8FDC-42A3-9474-1A3956D46DE8}") = "files", "files", "{29F3C4BD-8FA7-40EE-84EB-2D01C2A4E4C1}"
	ProjectSection(SolutionItems) = preProject
		src\files\.env = src\files\.env
		src\files\docker-compose.yml = src\files\docker-compose.yml
	EndProjectSection
EndProject
Project("{2150E333-8FDC-42A3-9474-1A3956D46DE8}") = "core", "core", "{5C294B31-84D3-4828-9BB2-D22C60921FD6}"
EndProject
Project("{2150E333-8FDC-42A3-9474-1A3956D46DE8}") = "api", "api", "{F93867D8-8A72-4FDE-BE17-4238AD13DF89}"
EndProject
Project("{FAE04EC0-301F-11D3-BF4B-00C04F79EFBC}") = "EazyQuizy.Core.Abstractions", "src\core\EazyQuizy.Core.Abstractions\EazyQuizy.Core.Abstractions.csproj", "{7F01E9DE-A5B5-4E5C-87A1-258E483D09E1}"
EndProject
Project("{FAE04EC0-301F-11D3-BF4B-00C04F79EFBC}") = "EazyQuizy.Core.Grains", "src\core\EazyQuizy.Core.Grains\EazyQuizy.Core.Grains.csproj", "{E41C2A6D-E080-4979-A056-2709AD24A485}"
EndProject
Project("{FAE04EC0-301F-11D3-BF4B-00C04F79EFBC}") = "EazyQuizy.Core.Silo", "src\core\EazyQuizy.Core.Silo\EazyQuizy.Core.Silo.csproj", "{3431A49C-F41B-48C5-A096-C2118570A30B}"
EndProject
Project("{FAE04EC0-301F-11D3-BF4B-00C04F79EFBC}") = "EazyQuizy.Api", "src\api\EazyQuizy.Api\EazyQuizy.Api.csproj", "{0F799ECA-D739-4B5E-B600-A763A74A5A2F}"
EndProject
Project("{2150E333-8FDC-42A3-9474-1A3956D46DE8}") = "easy-auth", "easy-auth", "{24EE9110-080F-4DD7-A8D3-F9756B5D45FD}"
	ProjectSection(SolutionItems) = preProject
		src\easy-auth\docker-compose.yml = src\easy-auth\docker-compose.yml
		src\easy-auth\nginx.conf = src\easy-auth\nginx.conf
	EndProjectSection
EndProject
Project("{2150E333-8FDC-42A3-9474-1A3956D46DE8}") = "common", "common", "{F1AF90CD-F865-4DC8-BA9B-1F6A7881E728}"
EndProject
Project("{FAE04EC0-301F-11D3-BF4B-00C04F79EFBC}") = "EazyQuizy.Common", "src\common\EazyQuizy.Common\EazyQuizy.Common.csproj", "{AF47913D-EDC5-47F9-9F37-BBD69E35E0CA}"
EndProject
Project("{FAE04EC0-301F-11D3-BF4B-00C04F79EFBC}") = "EazyQuizy.Core.Domain", "src\core\EazyQuizy.Core.Domain\EazyQuizy.Core.Domain.csproj", "{71D1AEB4-C8A9-46A9-BE35-86847A95A0CC}"
EndProject
Project("{FAE04EC0-301F-11D3-BF4B-00C04F79EFBC}") = "EazyQuizy.Common.Protos", "src\common\EazyQuizy.Common.Protos\EazyQuizy.Common.Protos.csproj", "{E139FD26-9704-4371-8ACE-267E7583C024}"
EndProject
Project("{2150E333-8FDC-42A3-9474-1A3956D46DE8}") = "tests", "tests", "{055B065A-C462-4E98-8F14-E8B892E0DBA6}"
EndProject
Project("{FAE04EC0-301F-11D3-BF4B-00C04F79EFBC}") = "EazyQuizy.Core.Tests.Grains", "src\tests\EazyQuizy.Core.Tests.Grains\EazyQuizy.Core.Tests.Grains.csproj", "{1D2261C7-FB0C-4784-A227-593177F7D36C}"
EndProject
Global
	GlobalSection(SolutionConfigurationPlatforms) = preSolution
		Debug|Any CPU = Debug|Any CPU
		Release|Any CPU = Release|Any CPU
	EndGlobalSection
	GlobalSection(NestedProjects) = preSolution
		{29F3C4BD-8FA7-40EE-84EB-2D01C2A4E4C1} = {703B622E-9670-43FA-9FC0-26965C830672}
		{5C294B31-84D3-4828-9BB2-D22C60921FD6} = {703B622E-9670-43FA-9FC0-26965C830672}
		{F93867D8-8A72-4FDE-BE17-4238AD13DF89} = {703B622E-9670-43FA-9FC0-26965C830672}
		{7F01E9DE-A5B5-4E5C-87A1-258E483D09E1} = {5C294B31-84D3-4828-9BB2-D22C60921FD6}
		{E41C2A6D-E080-4979-A056-2709AD24A485} = {5C294B31-84D3-4828-9BB2-D22C60921FD6}
		{3431A49C-F41B-48C5-A096-C2118570A30B} = {5C294B31-84D3-4828-9BB2-D22C60921FD6}
		{0F799ECA-D739-4B5E-B600-A763A74A5A2F} = {F93867D8-8A72-4FDE-BE17-4238AD13DF89}
		{24EE9110-080F-4DD7-A8D3-F9756B5D45FD} = {703B622E-9670-43FA-9FC0-26965C830672}
		{F1AF90CD-F865-4DC8-BA9B-1F6A7881E728} = {703B622E-9670-43FA-9FC0-26965C830672}
		{AF47913D-EDC5-47F9-9F37-BBD69E35E0CA} = {F1AF90CD-F865-4DC8-BA9B-1F6A7881E728}
		{71D1AEB4-C8A9-46A9-BE35-86847A95A0CC} = {5C294B31-84D3-4828-9BB2-D22C60921FD6}
		{E139FD26-9704-4371-8ACE-267E7583C024} = {F1AF90CD-F865-4DC8-BA9B-1F6A7881E728}
		{055B065A-C462-4E98-8F14-E8B892E0DBA6} = {703B622E-9670-43FA-9FC0-26965C830672}
		{1D2261C7-FB0C-4784-A227-593177F7D36C} = {055B065A-C462-4E98-8F14-E8B892E0DBA6}
	EndGlobalSection
	GlobalSection(ProjectConfigurationPlatforms) = postSolution
		{7F01E9DE-A5B5-4E5C-87A1-258E483D09E1}.Debug|Any CPU.ActiveCfg = Debug|Any CPU
		{7F01E9DE-A5B5-4E5C-87A1-258E483D09E1}.Debug|Any CPU.Build.0 = Debug|Any CPU
		{7F01E9DE-A5B5-4E5C-87A1-258E483D09E1}.Release|Any CPU.ActiveCfg = Release|Any CPU
		{7F01E9DE-A5B5-4E5C-87A1-258E483D09E1}.Release|Any CPU.Build.0 = Release|Any CPU
		{E41C2A6D-E080-4979-A056-2709AD24A485}.Debug|Any CPU.ActiveCfg = Debug|Any CPU
		{E41C2A6D-E080-4979-A056-2709AD24A485}.Debug|Any CPU.Build.0 = Debug|Any CPU
		{E41C2A6D-E080-4979-A056-2709AD24A485}.Release|Any CPU.ActiveCfg = Release|Any CPU
		{E41C2A6D-E080-4979-A056-2709AD24A485}.Release|Any CPU.Build.0 = Release|Any CPU
		{3431A49C-F41B-48C5-A096-C2118570A30B}.Debug|Any CPU.ActiveCfg = Debug|Any CPU
		{3431A49C-F41B-48C5-A096-C2118570A30B}.Debug|Any CPU.Build.0 = Debug|Any CPU
		{3431A49C-F41B-48C5-A096-C2118570A30B}.Release|Any CPU.ActiveCfg = Release|Any CPU
		{3431A49C-F41B-48C5-A096-C2118570A30B}.Release|Any CPU.Build.0 = Release|Any CPU
		{0F799ECA-D739-4B5E-B600-A763A74A5A2F}.Debug|Any CPU.ActiveCfg = Debug|Any CPU
		{0F799ECA-D739-4B5E-B600-A763A74A5A2F}.Debug|Any CPU.Build.0 = Debug|Any CPU
		{0F799ECA-D739-4B5E-B600-A763A74A5A2F}.Release|Any CPU.ActiveCfg = Release|Any CPU
		{0F799ECA-D739-4B5E-B600-A763A74A5A2F}.Release|Any CPU.Build.0 = Release|Any CPU
		{AF47913D-EDC5-47F9-9F37-BBD69E35E0CA}.Debug|Any CPU.ActiveCfg = Debug|Any CPU
		{AF47913D-EDC5-47F9-9F37-BBD69E35E0CA}.Debug|Any CPU.Build.0 = Debug|Any CPU
		{AF47913D-EDC5-47F9-9F37-BBD69E35E0CA}.Release|Any CPU.ActiveCfg = Release|Any CPU
		{AF47913D-EDC5-47F9-9F37-BBD69E35E0CA}.Release|Any CPU.Build.0 = Release|Any CPU
		{71D1AEB4-C8A9-46A9-BE35-86847A95A0CC}.Debug|Any CPU.ActiveCfg = Debug|Any CPU
		{71D1AEB4-C8A9-46A9-BE35-86847A95A0CC}.Debug|Any CPU.Build.0 = Debug|Any CPU
		{71D1AEB4-C8A9-46A9-BE35-86847A95A0CC}.Release|Any CPU.ActiveCfg = Release|Any CPU
		{71D1AEB4-C8A9-46A9-BE35-86847A95A0CC}.Release|Any CPU.Build.0 = Release|Any CPU
		{E139FD26-9704-4371-8ACE-267E7583C024}.Debug|Any CPU.ActiveCfg = Debug|Any CPU
		{E139FD26-9704-4371-8ACE-267E7583C024}.Debug|Any CPU.Build.0 = Debug|Any CPU
		{E139FD26-9704-4371-8ACE-267E7583C024}.Release|Any CPU.ActiveCfg = Release|Any CPU
		{E139FD26-9704-4371-8ACE-267E7583C024}.Release|Any CPU.Build.0 = Release|Any CPU
		{1D2261C7-FB0C-4784-A227-593177F7D36C}.Debug|Any CPU.ActiveCfg = Debug|Any CPU
		{1D2261C7-FB0C-4784-A227-593177F7D36C}.Debug|Any CPU.Build.0 = Debug|Any CPU
		{1D2261C7-FB0C-4784-A227-593177F7D36C}.Release|Any CPU.ActiveCfg = Release|Any CPU
		{1D2261C7-FB0C-4784-A227-593177F7D36C}.Release|Any CPU.Build.0 = Release|Any CPU
	EndGlobalSection
EndGlobal
